
Microsoft Visual Studio Solution File, Format Version 12.00
# Visual Studio Version 17
VisualStudioVersion = 17.3.32929.385
MinimumVisualStudioVersion = 10.0.40219.1
Project("{FAE04EC0-301F-11D3-BF4B-00C04F79EFBC}") = "Learning DB", "Learning DB\Learning DB.csproj", "{BC277F98-0F2C-4584-90FA-AF4F0F539FE0}"
EndProject
Global
	GlobalSection(SolutionConfigurationPlatforms) = preSolution
		Debug|Any CPU = Debug|Any CPU
		Release|Any CPU = Release|Any CPU
	EndGlobalSection
	GlobalSection(ProjectConfigurationPlatforms) = postSolution
		{BC277F98-0F2C-4584-90FA-AF4F0F539FE0}.Debug|Any CPU.ActiveCfg = Debug|Any CPU
		{BC277F98-0F2C-4584-90FA-AF4F0F539FE0}.Debug|Any CPU.Build.0 = Debug|Any CPU
		{BC277F98-0F2C-4584-90FA-AF4F0F539FE0}.Release|Any CPU.ActiveCfg = Release|Any CPU
		{BC277F98-0F2C-4584-90FA-AF4F0F539FE0}.Release|Any CPU.Build.0 = Release|Any CPU
	EndGlobalSection
	GlobalSection(SolutionProperties) = preSolution
		HideSolutionNode = FALSE
	EndGlobalSection
	GlobalSection(ExtensibilityGlobals) = postSolution
		SolutionGuid = {407A5082-A8D1-43EA-9B51-3A93986EF5AB}
	EndGlobalSection
EndGlobal
